PODS:
  - AFNetworking (1.3.4)
  - gtm-oauth2-thekey (1.0.120)
  - MMDrawerController (0.5.4):
    - MMDrawerController/Core
    - MMDrawerController/MMDrawerBarButtonItem
    - MMDrawerController/MMDrawerVisualStates
    - MMDrawerController/Subclass
  - MMDrawerController/Core (0.5.4)
  - MMDrawerController/MMDrawerBarButtonItem (0.5.4):
    - MMDrawerController/Core
  - MMDrawerController/MMDrawerVisualStates (0.5.4):
    - MMDrawerController/Core
  - MMDrawerController/Subclass (0.5.4):
    - MMDrawerController/Core
  - TheKey (0.0.2):
    - gtm-oauth2-thekey (~> 1.0)

DEPENDENCIES:
  - AFNetworking (~> 1.3.0)
  - MMDrawerController (~> 0.5.0)
  - TheKey (= 0.0.2)

SPEC CHECKSUMS:
  AFNetworking: e403d4333a4e1956cb3fe42364c3c879f820c9a0
  gtm-oauth2-thekey: 641e34a8c12ebc97f18db2b31b57fa6af73e5c13
  MMDrawerController: 76408e0a01b0a3996479261c57aed5d5765a6ea1
  TheKey: c21e3c167b7e21ac96fc4c4308f0a899dac07c51

COCOAPODS: 0.32.1
